
Microsoft Visual Studio Solution File, Format Version 12.00
# Visual Studio 15
VisualStudioVersion = 15.0.28307.1169
MinimumVisualStudioVersion = 10.0.40219.1
Project("{FAE04EC0-301F-11D3-BF4B-00C04F79EFBC}") = "Standard_RichTextBox", "Standard_RichTextBox.csproj", "{90DD2C0C-1716-45C4-A153-3228991F1EE1}"
EndProject
Global
	GlobalSection(SolutionConfigurationPlatforms) = preSolution
		Debug|Any CPU = Debug|Any CPU
		Release|Any CPU = Release|Any CPU
	EndGlobalSection
	GlobalSection(ProjectConfigurationPlatforms) = postSolution
		{90DD2C0C-1716-45C4-A153-3228991F1EE1}.Debug|Any CPU.ActiveCfg = Debug|Any CPU
		{90DD2C0C-1716-45C4-A153-3228991F1EE1}.Debug|Any CPU.Build.0 = Debug|Any CPU
		{90DD2C0C-1716-45C4-A153-3228991F1EE1}.Release|Any CPU.ActiveCfg = Release|Any CPU
		{90DD2C0C-1716-45C4-A153-3228991F1EE1}.Release|Any CPU.Build.0 = Release|Any CPU
	EndGlobalSection
	GlobalSection(SolutionProperties) = preSolution
		HideSolutionNode = FALSE
	EndGlobalSection
	GlobalSection(ExtensibilityGlobals) = postSolution
		SolutionGuid = {5ACF5E5C-A033-4CA2-BB8E-8894C2D1CEA8}
	EndGlobalSection
EndGlobal
